// !$*UTF8*$!
{
	archiveVersion = 1;
	classes = {
	};
	objectVersion = 56;
	objects = {

/* Begin PBXBuildFile section */
		AA000001000000000000001A /* DSFlashApp.swift in Sources */ = {isa = PBXBuildFile; fileRef = AA000001000000000000001B /* DSFlashApp.swift */; };
		AA000002000000000000001A /* AppEnvironment.swift in Sources */ = {isa = PBXBuildFile; fileRef = AA000002000000000000001B /* AppEnvironment.swift */; };
		AA000003000000000000001A /* FlashcardStore.swift in Sources */ = {isa = PBXBuildFile; fileRef = AA000003000000000000001B /* FlashcardStore.swift */; };
		AA000004000000000000001A /* Animation+Flip.swift in Sources */ = {isa = PBXBuildFile; fileRef = AA000004000000000000001B /* Animation+Flip.swift */; };
		AA000005000000000000001A /* Color+Theme.swift in Sources */ = {isa = PBXBuildFile; fileRef = AA000005000000000000001B /* Color+Theme.swift */; };
		AA000006000000000000001A /* View+CardStyle.swift in Sources */ = {isa = PBXBuildFile; fileRef = AA000006000000000000001B /* View+CardStyle.swift */; };
		AA000007000000000000001A /* Difficulty.swift in Sources */ = {isa = PBXBuildFile; fileRef = AA000007000000000000001B /* Difficulty.swift */; };
		AA000008000000000000001A /* Flashcard.swift in Sources */ = {isa = PBXBuildFile; fileRef = AA000008000000000000001B /* Flashcard.swift */; };
		AA000009000000000000001A /* Topic.swift in Sources */ = {isa = PBXBuildFile; fileRef = AA000009000000000000001B /* Topic.swift */; };
		AA000010000000000000001A /* DifficultyBadge.swift in Sources */ = {isa = PBXBuildFile; fileRef = AA000010000000000000001B /* DifficultyBadge.swift */; };
		AA000011000000000000001A /* EmptyStateView.swift in Sources */ = {isa = PBXBuildFile; fileRef = AA000011000000000000001B /* EmptyStateView.swift */; };
		AA000012000000000000001A /* TopicBadge.swift in Sources */ = {isa = PBXBuildFile; fileRef = AA000012000000000000001B /* TopicBadge.swift */; };
		AA000015000000000000001A /* DeckProgressBar.swift in Sources */ = {isa = PBXBuildFile; fileRef = AA000015000000000000001B /* DeckProgressBar.swift */; };
		AA000016000000000000001A /* DeckView.swift in Sources */ = {isa = PBXBuildFile; fileRef = AA000016000000000000001B /* DeckView.swift */; };
		AA000018000000000000001A /* CardBackView_Flashcard.swift in Sources */ = {isa = PBXBuildFile; fileRef = AA000018000000000000001B /* CardBackView_Flashcard.swift */; };
		AA000019000000000000001A /* CardFrontView_Flashcard.swift in Sources */ = {isa = PBXBuildFile; fileRef = AA000019000000000000001B /* CardFrontView_Flashcard.swift */; };
		AA000020000000000000001A /* FlashcardView_Flashcard.swift in Sources */ = {isa = PBXBuildFile; fileRef = AA000020000000000000001B /* FlashcardView_Flashcard.swift */; };
		AA000021000000000000001A /* HomeView.swift in Sources */ = {isa = PBXBuildFile; fileRef = AA000021000000000000001B /* HomeView.swift */; };
		AA000022000000000000001A /* TopicCardView.swift in Sources */ = {isa = PBXBuildFile; fileRef = AA000022000000000000001B /* TopicCardView.swift */; };
		AA000023000000000000001A /* TopicGridView.swift in Sources */ = {isa = PBXBuildFile; fileRef = AA000023000000000000001B /* TopicGridView.swift */; };
		AA000024000000000000001A /* CircularProgressView.swift in Sources */ = {isa = PBXBuildFile; fileRef = AA000024000000000000001B /* CircularProgressView.swift */; };
		AA000025000000000000001A /* ProgressDashboardView.swift in Sources */ = {isa = PBXBuildFile; fileRef = AA000025000000000000001B /* ProgressDashboardView.swift */; };
		AA000026000000000000001A /* TopicProgressRow.swift in Sources */ = {isa = PBXBuildFile; fileRef = AA000026000000000000001B /* TopicProgressRow.swift */; };
		AA000027000000000000001A /* SearchResultRow.swift in Sources */ = {isa = PBXBuildFile; fileRef = AA000027000000000000001B /* SearchResultRow.swift */; };
		AA000028000000000000001A /* SearchView.swift in Sources */ = {isa = PBXBuildFile; fileRef = AA000028000000000000001B /* SearchView.swift */; };
		AA000029000000000000001A /* SwiftData.framework in Frameworks */ = {isa = PBXBuildFile; fileRef = AA000029000000000000001B /* SwiftData.framework */; };
		AA000030000000000000001A /* ab_testing.json in Resources */ = {isa = PBXBuildFile; fileRef = AA000030000000000000001B /* ab_testing.json */; };
		AA000031000000000000001A /* computer_vision.json in Resources */ = {isa = PBXBuildFile; fileRef = AA000031000000000000001B /* computer_vision.json */; };
		AA000032000000000000001A /* data_engineering.json in Resources */ = {isa = PBXBuildFile; fileRef = AA000032000000000000001B /* data_engineering.json */; };
		AA000033000000000000001A /* deep_learning.json in Resources */ = {isa = PBXBuildFile; fileRef = AA000033000000000000001B /* deep_learning.json */; };
		AA000034000000000000001A /* feature_engineering.json in Resources */ = {isa = PBXBuildFile; fileRef = AA000034000000000000001B /* feature_engineering.json */; };
		AA000035000000000000001A /* ml_fundamentals.json in Resources */ = {isa = PBXBuildFile; fileRef = AA000035000000000000001B /* ml_fundamentals.json */; };
		AA000036000000000000001A /* mlops.json in Resources */ = {isa = PBXBuildFile; fileRef = AA000036000000000000001B /* mlops.json */; };
		AA000037000000000000001A /* model_evaluation.json in Resources */ = {isa = PBXBuildFile; fileRef = AA000037000000000000001B /* model_evaluation.json */; };
		AA000038000000000000001A /* nlp_transformers.json in Resources */ = {isa = PBXBuildFile; fileRef = AA000038000000000000001B /* nlp_transformers.json */; };
		AA000039000000000000001A /* statistics.json in Resources */ = {isa = PBXBuildFile; fileRef = AA000039000000000000001B /* statistics.json */; };
		AA000040000000000000001A /* llms_genai.json in Resources */ = {isa = PBXBuildFile; fileRef = AA000040000000000000001B /* llms_genai.json */; };
		AA000041000000000000001A /* reinforcement_learning.json in Resources */ = {isa = PBXBuildFile; fileRef = AA000041000000000000001B /* reinforcement_learning.json */; };
		AA000042000000000000001A /* causal_inference.json in Resources */ = {isa = PBXBuildFile; fileRef = AA000042000000000000001B /* causal_inference.json */; };
		AA000043000000000000001A /* leadership.json in Resources */ = {isa = PBXBuildFile; fileRef = AA000043000000000000001B /* leadership.json */; };
		AA000044000000000000001A /* python_algorithms.json in Resources */ = {isa = PBXBuildFile; fileRef = AA000044000000000000001B /* python_algorithms.json */; };
		AA000200000000000000001A /* XCTest.framework in Frameworks */ = {isa = PBXBuildFile; fileRef = AA000200000000000000001B /* XCTest.framework */; };
		AA000201000000000000001A /* FlashcardTests.swift in Sources */ = {isa = PBXBuildFile; fileRef = AA000201000000000000001B /* FlashcardTests.swift */; };
		AA000202000000000000001A /* TopicAndStoreTests.swift in Sources */ = {isa = PBXBuildFile; fileRef = AA000202000000000000001B /* TopicAndStoreTests.swift */; };
/* End PBXBuildFile section */

/* Begin PBXFileReference section */
		AA000001000000000000001B /* DSFlashApp.swift */ = {isa = PBXFileReference; lastKnownFileType = sourcecode.swift; path = DSFlashApp.swift; sourceTree = "<group>"; };
		AA000002000000000000001B /* AppEnvironment.swift */ = {isa = PBXFileReference; lastKnownFileType = sourcecode.swift; path = AppEnvironment.swift; sourceTree = "<group>"; };
		AA000003000000000000001B /* FlashcardStore.swift */ = {isa = PBXFileReference; lastKnownFileType = sourcecode.swift; path = FlashcardStore.swift; sourceTree = "<group>"; };
		AA000004000000000000001B /* Animation+Flip.swift */ = {isa = PBXFileReference; lastKnownFileType = sourcecode.swift; path = "Animation+Flip.swift"; sourceTree = "<group>"; };
		AA000005000000000000001B /* Color+Theme.swift */ = {isa = PBXFileReference; lastKnownFileType = sourcecode.swift; path = "Color+Theme.swift"; sourceTree = "<group>"; };
		AA000006000000000000001B /* View+CardStyle.swift */ = {isa = PBXFileReference; lastKnownFileType = sourcecode.swift; path = "View+CardStyle.swift"; sourceTree = "<group>"; };
		AA000007000000000000001B /* Difficulty.swift */ = {isa = PBXFileReference; lastKnownFileType = sourcecode.swift; path = Difficulty.swift; sourceTree = "<group>"; };
		AA000008000000000000001B /* Flashcard.swift */ = {isa = PBXFileReference; lastKnownFileType = sourcecode.swift; path = Flashcard.swift; sourceTree = "<group>"; };
		AA000009000000000000001B /* Topic.swift */ = {isa = PBXFileReference; lastKnownFileType = sourcecode.swift; path = Topic.swift; sourceTree = "<group>"; };
		AA000010000000000000001B /* DifficultyBadge.swift */ = {isa = PBXFileReference; lastKnownFileType = sourcecode.swift; path = DifficultyBadge.swift; sourceTree = "<group>"; };
		AA000011000000000000001B /* EmptyStateView.swift */ = {isa = PBXFileReference; lastKnownFileType = sourcecode.swift; path = EmptyStateView.swift; sourceTree = "<group>"; };
		AA000012000000000000001B /* TopicBadge.swift */ = {isa = PBXFileReference; lastKnownFileType = sourcecode.swift; path = TopicBadge.swift; sourceTree = "<group>"; };
		AA000015000000000000001B /* DeckProgressBar.swift */ = {isa = PBXFileReference; lastKnownFileType = sourcecode.swift; path = DeckProgressBar.swift; sourceTree = "<group>"; };
		AA000016000000000000001B /* DeckView.swift */ = {isa = PBXFileReference; lastKnownFileType = sourcecode.swift; path = DeckView.swift; sourceTree = "<group>"; };
		AA000018000000000000001B /* CardBackView_Flashcard.swift */ = {isa = PBXFileReference; lastKnownFileType = sourcecode.swift; name = CardBackView.swift; path = CardBackView.swift; sourceTree = "<group>"; };
		AA000019000000000000001B /* CardFrontView_Flashcard.swift */ = {isa = PBXFileReference; lastKnownFileType = sourcecode.swift; name = CardFrontView.swift; path = CardFrontView.swift; sourceTree = "<group>"; };
		AA000020000000000000001B /* FlashcardView_Flashcard.swift */ = {isa = PBXFileReference; lastKnownFileType = sourcecode.swift; name = FlashcardView.swift; path = FlashcardView.swift; sourceTree = "<group>"; };
		AA000021000000000000001B /* HomeView.swift */ = {isa = PBXFileReference; lastKnownFileType = sourcecode.swift; path = HomeView.swift; sourceTree = "<group>"; };
		AA000022000000000000001B /* TopicCardView.swift */ = {isa = PBXFileReference; lastKnownFileType = sourcecode.swift; path = TopicCardView.swift; sourceTree = "<group>"; };
		AA000023000000000000001B /* TopicGridView.swift */ = {isa = PBXFileReference; lastKnownFileType = sourcecode.swift; path = TopicGridView.swift; sourceTree = "<group>"; };
		AA000024000000000000001B /* CircularProgressView.swift */ = {isa = PBXFileReference; lastKnownFileType = sourcecode.swift; path = CircularProgressView.swift; sourceTree = "<group>"; };
		AA000025000000000000001B /* ProgressDashboardView.swift */ = {isa = PBXFileReference; lastKnownFileType = sourcecode.swift; path = ProgressDashboardView.swift; sourceTree = "<group>"; };
		AA000026000000000000001B /* TopicProgressRow.swift */ = {isa = PBXFileReference; lastKnownFileType = sourcecode.swift; path = TopicProgressRow.swift; sourceTree = "<group>"; };
		AA000027000000000000001B /* SearchResultRow.swift */ = {isa = PBXFileReference; lastKnownFileType = sourcecode.swift; path = SearchResultRow.swift; sourceTree = "<group>"; };
		AA000028000000000000001B /* SearchView.swift */ = {isa = PBXFileReference; lastKnownFileType = sourcecode.swift; path = SearchView.swift; sourceTree = "<group>"; };
		AA000029000000000000001B /* SwiftData.framework */ = {isa = PBXFileReference; lastKnownFileType = wrapper.framework; name = SwiftData.framework; path = System/Library/Frameworks/SwiftData.framework; sourceTree = SDKROOT; };
		AA000030000000000000001B /* ab_testing.json */ = {isa = PBXFileReference; lastKnownFileType = text.json; path = ab_testing.json; sourceTree = "<group>"; };
		AA000031000000000000001B /* computer_vision.json */ = {isa = PBXFileReference; lastKnownFileType = text.json; path = computer_vision.json; sourceTree = "<group>"; };
		AA000032000000000000001B /* data_engineering.json */ = {isa = PBXFileReference; lastKnownFileType = text.json; path = data_engineering.json; sourceTree = "<group>"; };
		AA000033000000000000001B /* deep_learning.json */ = {isa = PBXFileReference; lastKnownFileType = text.json; path = deep_learning.json; sourceTree = "<group>"; };
		AA000034000000000000001B /* feature_engineering.json */ = {isa = PBXFileReference; lastKnownFileType = text.json; path = feature_engineering.json; sourceTree = "<group>"; };
		AA000035000000000000001B /* ml_fundamentals.json */ = {isa = PBXFileReference; lastKnownFileType = text.json; path = ml_fundamentals.json; sourceTree = "<group>"; };
		AA000036000000000000001B /* mlops.json */ = {isa = PBXFileReference; lastKnownFileType = text.json; path = mlops.json; sourceTree = "<group>"; };
		AA000037000000000000001B /* model_evaluation.json */ = {isa = PBXFileReference; lastKnownFileType = text.json; path = model_evaluation.json; sourceTree = "<group>"; };
		AA000038000000000000001B /* nlp_transformers.json */ = {isa = PBXFileReference; lastKnownFileType = text.json; path = nlp_transformers.json; sourceTree = "<group>"; };
		AA000039000000000000001B /* statistics.json */ = {isa = PBXFileReference; lastKnownFileType = text.json; path = statistics.json; sourceTree = "<group>"; };
		AA000040000000000000001B /* llms_genai.json */ = {isa = PBXFileReference; lastKnownFileType = text.json; path = llms_genai.json; sourceTree = "<group>"; };
		AA000041000000000000001B /* reinforcement_learning.json */ = {isa = PBXFileReference; lastKnownFileType = text.json; path = reinforcement_learning.json; sourceTree = "<group>"; };
		AA000042000000000000001B /* causal_inference.json */ = {isa = PBXFileReference; lastKnownFileType = text.json; path = causal_inference.json; sourceTree = "<group>"; };
		AA000043000000000000001B /* leadership.json */ = {isa = PBXFileReference; lastKnownFileType = text.json; path = leadership.json; sourceTree = "<group>"; };
		AA000044000000000000001B /* python_algorithms.json */ = {isa = PBXFileReference; lastKnownFileType = text.json; path = python_algorithms.json; sourceTree = "<group>"; };
		AA000050000000000000001B /* DSFlash.app */ = {isa = PBXFileReference; explicitFileType = wrapper.application; includeInIndex = 0; path = DSFlash.app; sourceTree = BUILT_PRODUCTS_DIR; };
		AA000200000000000000001B /* XCTest.framework */ = {isa = PBXFileReference; lastKnownFileType = wrapper.framework; name = XCTest.framework; path = Library/Frameworks/XCTest.framework; sourceTree = DEVELOPER_DIR; };
		AA000201000000000000001B /* FlashcardTests.swift */ = {isa = PBXFileReference; lastKnownFileType = sourcecode.swift; path = FlashcardTests.swift; sourceTree = "<group>"; };
		AA000202000000000000001B /* TopicAndStoreTests.swift */ = {isa = PBXFileReference; lastKnownFileType = sourcecode.swift; path = TopicAndStoreTests.swift; sourceTree = "<group>"; };
		AA000203000000000000001B /* DSFlashTests.xctest */ = {isa = PBXFileReference; explicitFileType = wrapper.cfbundle; includeInIndex = 0; path = DSFlashTests.xctest; sourceTree = BUILT_PRODUCTS_DIR; };
/* End PBXFileReference section */

/* Begin PBXFrameworksBuildPhase section */
		AA000060000000000000001A /* Frameworks */ = {
			isa = PBXFrameworksBuildPhase;
			buildActionMask = 2147483647;
			files = (
				AA000029000000000000001A /* SwiftData.framework in Frameworks */,
			);
			runOnlyForDeploymentPostprocessing = 0;
		};
/* End PBXFrameworksBuildPhase section */

/* Begin PBXGroup section */
		AA000070000000000000001B /* DSFlash */ = {
			isa = PBXGroup;
			children = (
				AA000071000000000000001B /* App */,
				AA000072000000000000001B /* Models */,
				AA000073000000000000001B /* Data */,
				AA000074000000000000001B /* Extensions */,
				AA000075000000000000001B /* Views */,
				AA000204000000000000001B /* DSFlashTests */,
				AA000076000000000000001B /* Frameworks */,
				AA000077000000000000001B /* Products */,
			);
			name = DSFlash;
			path = DSFlash;
			sourceTree = "<group>";
		};
		AA000071000000000000001B /* App */ = {
			isa = PBXGroup;
			children = (
				AA000001000000000000001B /* DSFlashApp.swift */,
				AA000002000000000000001B /* AppEnvironment.swift */,
			);
			path = App;
			sourceTree = "<group>";
		};
		AA000072000000000000001B /* Models */ = {
			isa = PBXGroup;
			children = (
				AA000008000000000000001B /* Flashcard.swift */,
				AA000009000000000000001B /* Topic.swift */,
				AA000007000000000000001B /* Difficulty.swift */,
			);
			path = Models;
			sourceTree = "<group>";
		};
		AA000073000000000000001B /* Data */ = {
			isa = PBXGroup;
			children = (
				AA000003000000000000001B /* FlashcardStore.swift */,
				AA000080000000000000001B /* Cards */,
			);
			path = Data;
			sourceTree = "<group>";
		};
		AA000080000000000000001B /* Cards */ = {
			isa = PBXGroup;
			children = (
				AA000030000000000000001B /* ab_testing.json */,
				AA000042000000000000001B /* causal_inference.json */,
				AA000031000000000000001B /* computer_vision.json */,
				AA000032000000000000001B /* data_engineering.json */,
				AA000033000000000000001B /* deep_learning.json */,
				AA000034000000000000001B /* feature_engineering.json */,
				AA000043000000000000001B /* leadership.json */,
				AA000040000000000000001B /* llms_genai.json */,
				AA000035000000000000001B /* ml_fundamentals.json */,
				AA000036000000000000001B /* mlops.json */,
				AA000037000000000000001B /* model_evaluation.json */,
				AA000038000000000000001B /* nlp_transformers.json */,
				AA000044000000000000001B /* python_algorithms.json */,
				AA000041000000000000001B /* reinforcement_learning.json */,
				AA000039000000000000001B /* statistics.json */,
			);
			path = Cards;
			sourceTree = "<group>";
		};
		AA000074000000000000001B /* Extensions */ = {
			isa = PBXGroup;
			children = (
				AA000004000000000000001B /* Animation+Flip.swift */,
				AA000005000000000000001B /* Color+Theme.swift */,
				AA000006000000000000001B /* View+CardStyle.swift */,
			);
			path = Extensions;
			sourceTree = "<group>";
		};
		AA000075000000000000001B /* Views */ = {
			isa = PBXGroup;
			children = (
				AA000081000000000000001B /* Components */,
				AA000082000000000000001B /* Deck */,
				AA000083000000000000001B /* Flashcard */,
				AA000084000000000000001B /* Home */,
				AA000085000000000000001B /* Progress */,
				AA000086000000000000001B /* Search */,
			);
			path = Views;
			sourceTree = "<group>";
		};
		AA000081000000000000001B /* Components */ = {
			isa = PBXGroup;
			children = (
				AA000010000000000000001B /* DifficultyBadge.swift */,
				AA000011000000000000001B /* EmptyStateView.swift */,
				AA000012000000000000001B /* TopicBadge.swift */,
			);
			path = Components;
			sourceTree = "<group>";
		};
		AA000082000000000000001B /* Deck */ = {
			isa = PBXGroup;
			children = (
				AA000015000000000000001B /* DeckProgressBar.swift */,
				AA000016000000000000001B /* DeckView.swift */,
			);
			path = Deck;
			sourceTree = "<group>";
		};
		AA000083000000000000001B /* Flashcard */ = {
			isa = PBXGroup;
			children = (
				AA000018000000000000001B /* CardBackView_Flashcard.swift */,
				AA000019000000000000001B /* CardFrontView_Flashcard.swift */,
				AA000020000000000000001B /* FlashcardView_Flashcard.swift */,
			);
			path = Flashcard;
			sourceTree = "<group>";
		};
		AA000084000000000000001B /* Home */ = {
			isa = PBXGroup;
			children = (
				AA000021000000000000001B /* HomeView.swift */,
				AA000022000000000000001B /* TopicCardView.swift */,
				AA000023000000000000001B /* TopicGridView.swift */,
			);
			path = Home;
			sourceTree = "<group>";
		};
		AA000085000000000000001B /* Progress */ = {
			isa = PBXGroup;
			children = (
				AA000024000000000000001B /* CircularProgressView.swift */,
				AA000025000000000000001B /* ProgressDashboardView.swift */,
				AA000026000000000000001B /* TopicProgressRow.swift */,
			);
			path = Progress;
			sourceTree = "<group>";
		};
		AA000086000000000000001B /* Search */ = {
			isa = PBXGroup;
			children = (
				AA000027000000000000001B /* SearchResultRow.swift */,
				AA000028000000000000001B /* SearchView.swift */,
			);
			path = Search;
			sourceTree = "<group>";
		};
		AA000076000000000000001B /* Frameworks */ = {
			isa = PBXGroup;
			children = (
				AA000029000000000000001B /* SwiftData.framework */,
				AA000200000000000000001B /* XCTest.framework */,
			);
			name = Frameworks;
			sourceTree = "<group>";
		};
		AA000077000000000000001B /* Products */ = {
			isa = PBXGroup;
			children = (
				AA000050000000000000001B /* DSFlash.app */,
				AA000203000000000000001B /* DSFlashTests.xctest */,
			);
			name = Products;
			sourceTree = "<group>";
		};
		AA000204000000000000001B /* DSFlashTests */ = {
			isa = PBXGroup;
			children = (
				AA000201000000000000001B /* FlashcardTests.swift */,
				AA000202000000000000001B /* TopicAndStoreTests.swift */,
			);
			path = DSFlashTests;
			sourceTree = "<group>";
		};
/* End PBXGroup section */

/* Begin PBXNativeTarget section */
		AA000090000000000000001A /* DSFlash */ = {
			isa = PBXNativeTarget;
			buildConfigurationList = AA000100000000000000001A /* Build configuration list for PBXNativeTarget "DSFlash" */;
			buildPhases = (
				AA000091000000000000001A /* Sources */,
				AA000060000000000000001A /* Frameworks */,
				AA000092000000000000001A /* Resources */,
			);
			buildRules = (
			);
			dependencies = (
			);
			name = DSFlash;
			productName = DSFlash;
			productReference = AA000050000000000000001B /* DSFlash.app */;
			productType = "com.apple.product-type.application";
		};
		AA000210000000000000001A /* DSFlashTests */ = {
			isa = PBXNativeTarget;
			buildConfigurationList = AA000220000000000000001A /* Build configuration list for PBXNativeTarget "DSFlashTests" */;
			buildPhases = (
				AA000211000000000000001A /* Sources */,
				AA000212000000000000001A /* Frameworks */,
			);
			buildRules = (
			);
			dependencies = (
				AA000214000000000000001A /* PBXTargetDependency */,
			);
			name = DSFlashTests;
			productName = DSFlashTests;
			productReference = AA000203000000000000001B /* DSFlashTests.xctest */;
			productType = "com.apple.product-type.bundle.unit-test";
		};
/* End PBXNativeTarget section */

/* Begin PBXProject section */
		AA000095000000000000001A /* Project object */ = {
			isa = PBXProject;
			attributes = {
				BuildIndependentTargetsInParallel = 1;
				LastSwiftUpdateCheck = 1500;
				LastUpgradeCheck = 1500;
				TargetAttributes = {
					AA000090000000000000001A = {
						CreatedOnToolsVersion = 15.0;
					};
					AA000210000000000000001A = {
						CreatedOnToolsVersion = 15.0;
						TestTargetID = AA000090000000000000001A;
					};
				};
			};
			buildConfigurationList = AA000101000000000000001A /* Build configuration list for PBXProject "DSFlash" */;
			compatibilityVersion = "Xcode 14.0";
			developmentRegion = en;
			hasScannedForEncodings = 0;
			knownRegions = (
				en,
				Base,
			);
			mainGroup = AA000070000000000000001B /* DSFlash */;
			productRefGroup = AA000077000000000000001B /* Products */;
			projectDirPath = "";
			projectRoot = "";
			targets = (
				AA000090000000000000001A /* DSFlash */,
				AA000210000000000000001A /* DSFlashTests */,
			);
		};
/* End PBXProject section */

/* Begin PBXResourcesBuildPhase section */
		AA000092000000000000001A /* Resources */ = {
			isa = PBXResourcesBuildPhase;
			buildActionMask = 2147483647;
			files = (
				AA000030000000000000001A /* ab_testing.json in Resources */,
				AA000042000000000000001A /* causal_inference.json in Resources */,
				AA000031000000000000001A /* computer_vision.json in Resources */,
				AA000032000000000000001A /* data_engineering.json in Resources */,
				AA000033000000000000001A /* deep_learning.json in Resources */,
				AA000034000000000000001A /* feature_engineering.json in Resources */,
				AA000043000000000000001A /* leadership.json in Resources */,
				AA000040000000000000001A /* llms_genai.json in Resources */,
				AA000035000000000000001A /* ml_fundamentals.json in Resources */,
				AA000036000000000000001A /* mlops.json in Resources */,
				AA000037000000000000001A /* model_evaluation.json in Resources */,
				AA000038000000000000001A /* nlp_transformers.json in Resources */,
				AA000044000000000000001A /* python_algorithms.json in Resources */,
				AA000041000000000000001A /* reinforcement_learning.json in Resources */,
				AA000039000000000000001A /* statistics.json in Resources */,
			);
			runOnlyForDeploymentPostprocessing = 0;
		};
/* End PBXResourcesBuildPhase section */

/* Begin PBXContainerItemProxy section */
		AA000213000000000000001A /* PBXContainerItemProxy */ = {
			isa = PBXContainerItemProxy;
			containerPortal = AA000095000000000000001A /* Project object */;
			proxyType = 1;
			remoteGlobalIDString = AA000090000000000000001A;
			remoteInfo = DSFlash;
		};
/* End PBXContainerItemProxy section */

/* Begin PBXTargetDependency section */
		AA000214000000000000001A /* PBXTargetDependency */ = {
			isa = PBXTargetDependency;
			target = AA000090000000000000001A /* DSFlash */;
			targetProxy = AA000213000000000000001A /* PBXContainerItemProxy */;
		};
/* End PBXTargetDependency section */

/* Begin PBXSourcesBuildPhase section */
		AA000091000000000000001A /* Sources */ = {
			isa = PBXSourcesBuildPhase;
			buildActionMask = 2147483647;
			files = (
				AA000001000000000000001A /* DSFlashApp.swift in Sources */,
				AA000002000000000000001A /* AppEnvironment.swift in Sources */,
				AA000003000000000000001A /* FlashcardStore.swift in Sources */,
				AA000004000000000000001A /* Animation+Flip.swift in Sources */,
				AA000005000000000000001A /* Color+Theme.swift in Sources */,
				AA000006000000000000001A /* View+CardStyle.swift in Sources */,
				AA000007000000000000001A /* Difficulty.swift in Sources */,
				AA000008000000000000001A /* Flashcard.swift in Sources */,
				AA000009000000000000001A /* Topic.swift in Sources */,
				AA000010000000000000001A /* DifficultyBadge.swift in Sources */,
				AA000011000000000000001A /* EmptyStateView.swift in Sources */,
				AA000012000000000000001A /* TopicBadge.swift in Sources */,
				AA000015000000000000001A /* DeckProgressBar.swift in Sources */,
				AA000016000000000000001A /* DeckView.swift in Sources */,
				AA000018000000000000001A /* CardBackView_Flashcard.swift in Sources */,
				AA000019000000000000001A /* CardFrontView_Flashcard.swift in Sources */,
				AA000020000000000000001A /* FlashcardView_Flashcard.swift in Sources */,
				AA000021000000000000001A /* HomeView.swift in Sources */,
				AA000022000000000000001A /* TopicCardView.swift in Sources */,
				AA000023000000000000001A /* TopicGridView.swift in Sources */,
				AA000024000000000000001A /* CircularProgressView.swift in Sources */,
				AA000025000000000000001A /* ProgressDashboardView.swift in Sources */,
				AA000026000000000000001A /* TopicProgressRow.swift in Sources */,
				AA000027000000000000001A /* SearchResultRow.swift in Sources */,
				AA000028000000000000001A /* SearchView.swift in Sources */,
			);
			runOnlyForDeploymentPostprocessing = 0;
		};
		AA000211000000000000001A /* Sources */ = {
			isa = PBXSourcesBuildPhase;
			buildActionMask = 2147483647;
			files = (
				AA000201000000000000001A /* FlashcardTests.swift in Sources */,
				AA000202000000000000001A /* TopicAndStoreTests.swift in Sources */,
			);
			runOnlyForDeploymentPostprocessing = 0;
		};
/* End PBXSourcesBuildPhase section */

/* Begin PBXFrameworksBuildPhase section (Tests) */
		AA000212000000000000001A /* Frameworks */ = {
			isa = PBXFrameworksBuildPhase;
			buildActionMask = 2147483647;
			files = (
				AA000200000000000000001A /* XCTest.framework in Frameworks */,
			);
			runOnlyForDeploymentPostprocessing = 0;
		};
/* End PBXFrameworksBuildPhase section (Tests) */

/* Begin XCBuildConfiguration section */
		AA000102000000000000001A /* Debug */ = {
			isa = XCBuildConfiguration;
			buildSettings = {
				ALWAYS_SEARCH_USER_PATHS = NO;
				ASSETCATALOG_COMPILER_GENERATE_SWIFT_ASSET_SYMBOL_EXTENSIONS = YES;
				CLANG_ANALYZER_NONNULL = YES;
				CLANG_ANALYZER_NUMBER_OBJECT_CONVERSION = YES_AGGRESSIVE;
				CLANG_CXX_LANGUAGE_STANDARD = "gnu++20";
				CLANG_ENABLE_MODULES = YES;
				CLANG_ENABLE_OBJC_ARC = YES;
				CLANG_ENABLE_OBJC_WEAK = YES;
				CLANG_WARN_BLOCK_CAPTURE_AUTORELEASING = YES;
				CLANG_WARN_BOOL_CONVERSION = YES;
				CLANG_WARN_COMMA = YES;
				CLANG_WARN_CONSTANT_CONVERSION = YES;
				CLANG_WARN_DEPRECATED_OBJC_IMPLEMENTATIONS = YES;
				CLANG_WARN_DIRECT_OBJC_ISA_USAGE = YES_ERROR;
				CLANG_WARN_DOCUMENTATION_COMMENTS = YES;
				CLANG_WARN_EMPTY_BODY = YES;
				CLANG_WARN_ENUM_CONVERSION = YES;
				CLANG_WARN_INFINITE_RECURSION = YES;
				CLANG_WARN_INT_CONVERSION = YES;
				CLANG_WARN_NON_LITERAL_NULL_CONVERSION = YES;
				CLANG_WARN_OBJC_IMPLICIT_RETAIN_SELF = YES;
				CLANG_WARN_OBJC_LITERAL_CONVERSION = YES;
				CLANG_WARN_OBJC_ROOT_CLASS = YES_ERROR;
				CLANG_WARN_QUOTED_INCLUDE_IN_FRAMEWORK_HEADER = YES;
				CLANG_WARN_RANGE_LOOP_ANALYSIS = YES;
				CLANG_WARN_STRICT_PROTOTYPES = YES;
				CLANG_WARN_SUSPICIOUS_MOVE = YES;
				CLANG_WARN_UNGUARDED_AVAILABILITY = YES_AGGRESSIVE;
				CLANG_WARN_UNREACHABLE_CODE = YES;
				CLANG_WARN__DUPLICATE_METHOD_MATCH = YES;
				COPY_PHASE_STRIP = NO;
				DEBUG_INFORMATION_FORMAT = dwarf;
				ENABLE_STRICT_OBJC_MSGSEND = YES;
				ENABLE_TESTABILITY = YES;
				ENABLE_USER_SCRIPT_SANDBOXING = YES;
				GCC_C_LANGUAGE_STANDARD = gnu17;
				GCC_DYNAMIC_NO_PIC = NO;
				GCC_NO_COMMON_BLOCKS = YES;
				GCC_OPTIMIZATION_LEVEL = 0;
				GCC_PREPROCESSOR_DEFINITIONS = (
					"DEBUG=1",
					"$(inherited)",
				);
				GCC_WARN_64_TO_32_BIT_CONVERSION = YES;
				GCC_WARN_ABOUT_RETURN_TYPE = YES_ERROR;
				GCC_WARN_UNDECLARED_SELECTOR = YES;
				GCC_WARN_UNINITIALIZED_AUTOS = YES_AGGRESSIVE;
				GCC_WARN_UNUSED_FUNCTION = YES;
				GCC_WARN_UNUSED_VARIABLE = YES;
				IPHONEOS_DEPLOYMENT_TARGET = 17.0;
				MTL_ENABLE_DEBUG_INFO = INCLUDE_SOURCE;
				MTL_FAST_MATH = YES;
				ONLY_ACTIVE_ARCH = YES;
				SDKROOT = iphoneos;
				SWIFT_ACTIVE_COMPILATION_CONDITIONS = DEBUG;
				SWIFT_OPTIMIZATION_LEVEL = "-Onone";
			};
			name = Debug;
		};
		AA000103000000000000001A /* Release */ = {
			isa = XCBuildConfiguration;
			buildSettings = {
				ALWAYS_SEARCH_USER_PATHS = NO;
				ASSETCATALOG_COMPILER_GENERATE_SWIFT_ASSET_SYMBOL_EXTENSIONS = YES;
				CLANG_ANALYZER_NONNULL = YES;
				CLANG_ANALYZER_NUMBER_OBJECT_CONVERSION = YES_AGGRESSIVE;
				CLANG_CXX_LANGUAGE_STANDARD = "gnu++20";
				CLANG_ENABLE_MODULES = YES;
				CLANG_ENABLE_OBJC_ARC = YES;
				CLANG_ENABLE_OBJC_WEAK = YES;
				CLANG_WARN_BLOCK_CAPTURE_AUTORELEASING = YES;
				CLANG_WARN_BOOL_CONVERSION = YES;
				CLANG_WARN_COMMA = YES;
				CLANG_WARN_CONSTANT_CONVERSION = YES;
				CLANG_WARN_DEPRECATED_OBJC_IMPLEMENTATIONS = YES;
				CLANG_WARN_DIRECT_OBJC_ISA_USAGE = YES_ERROR;
				CLANG_WARN_DOCUMENTATION_COMMENTS = YES;
				CLANG_WARN_EMPTY_BODY = YES;
				CLANG_WARN_ENUM_CONVERSION = YES;
				CLANG_WARN_INFINITE_RECURSION = YES;
				CLANG_WARN_INT_CONVERSION = YES;
				CLANG_WARN_NON_LITERAL_NULL_CONVERSION = YES;
				CLANG_WARN_OBJC_IMPLICIT_RETAIN_SELF = YES;
				CLANG_WARN_OBJC_LITERAL_CONVERSION = YES;
				CLANG_WARN_OBJC_ROOT_CLASS = YES_ERROR;
				CLANG_WARN_QUOTED_INCLUDE_IN_FRAMEWORK_HEADER = YES;
				CLANG_WARN_RANGE_LOOP_ANALYSIS = YES;
				CLANG_WARN_STRICT_PROTOTYPES = YES;
				CLANG_WARN_SUSPICIOUS_MOVE = YES;
				CLANG_WARN_UNGUARDED_AVAILABILITY = YES_AGGRESSIVE;
				CLANG_WARN_UNREACHABLE_CODE = YES;
				CLANG_WARN__DUPLICATE_METHOD_MATCH = YES;
				COPY_PHASE_STRIP = NO;
				DEBUG_INFORMATION_FORMAT = "dwarf-with-dsym";
				ENABLE_NS_ASSERTIONS = NO;
				ENABLE_STRICT_OBJC_MSGSEND = YES;
				ENABLE_USER_SCRIPT_SANDBOXING = YES;
				GCC_C_LANGUAGE_STANDARD = gnu17;
				GCC_NO_COMMON_BLOCKS = YES;
				GCC_WARN_64_TO_32_BIT_CONVERSION = YES;
				GCC_WARN_ABOUT_RETURN_TYPE = YES_ERROR;
				GCC_WARN_UNDECLARED_SELECTOR = YES;
				GCC_WARN_UNINITIALIZED_AUTOS = YES_AGGRESSIVE;
				GCC_WARN_UNUSED_FUNCTION = YES;
				GCC_WARN_UNUSED_VARIABLE = YES;
				IPHONEOS_DEPLOYMENT_TARGET = 17.0;
				MTL_FAST_MATH = YES;
				SDKROOT = iphoneos;
				SWIFT_COMPILATION_MODE = wholemodule;
				SWIFT_OPTIMIZATION_LEVEL = "-O";
				VALIDATE_PRODUCT = YES;
			};
			name = Release;
		};
		AA000104000000000000001A /* Debug */ = {
			isa = XCBuildConfiguration;
			buildSettings = {
				ASSETCATALOG_COMPILER_APPICON_NAME = AppIcon;
				ASSETCATALOG_COMPILER_GLOBAL_ACCENT_COLOR_NAME = AccentColor;
				CODE_SIGN_STYLE = Automatic;
				CURRENT_PROJECT_VERSION = 1;
				DEVELOPMENT_ASSET_PATHS = "";
				ENABLE_PREVIEWS = YES;
				GENERATE_INFOPLIST_FILE = YES;
				INFOPLIST_KEY_UIApplicationSceneManifest_Generation = YES;
				INFOPLIST_KEY_UIApplicationSupportsIndirectInputEvents = YES;
				INFOPLIST_KEY_UILaunchScreen_Generation = YES;
				INFOPLIST_KEY_UISupportedInterfaceOrientations_iPad = "UIInterfaceOrientationPortrait UIInterfaceOrientationPortraitUpsideDown UIInterfaceOrientationLandscapeLeft UIInterfaceOrientationLandscapeRight";
				INFOPLIST_KEY_UISupportedInterfaceOrientations_iPhone = "UIInterfaceOrientationPortrait UIInterfaceOrientationLandscapeLeft UIInterfaceOrientationLandscapeRight";
				IPHONEOS_DEPLOYMENT_TARGET = 17.0;
				LD_RUNPATH_SEARCH_PATHS = (
					"$(inherited)",
					"@executable_path/Frameworks",
				);
				MARKETING_VERSION = 1.0;
				PRODUCT_BUNDLE_IDENTIFIER = "com.dsflash.app";
				PRODUCT_NAME = "$(TARGET_NAME)";
				SWIFT_EMIT_LOC_STRINGS = YES;
				SWIFT_VERSION = 5.9;
				TARGETED_DEVICE_FAMILY = "1,2";
			};
			name = Debug;
		};
		AA000105000000000000001A /* Release */ = {
			isa = XCBuildConfiguration;
			buildSettings = {
				ASSETCATALOG_COMPILER_APPICON_NAME = AppIcon;
				ASSETCATALOG_COMPILER_GLOBAL_ACCENT_COLOR_NAME = AccentColor;
				CODE_SIGN_STYLE = Automatic;
				CURRENT_PROJECT_VERSION = 1;
				DEVELOPMENT_ASSET_PATHS = "";
				ENABLE_PREVIEWS = YES;
				GENERATE_INFOPLIST_FILE = YES;
				INFOPLIST_KEY_UIApplicationSceneManifest_Generation = YES;
				INFOPLIST_KEY_UIApplicationSupportsIndirectInputEvents = YES;
				INFOPLIST_KEY_UILaunchScreen_Generation = YES;
				INFOPLIST_KEY_UISupportedInterfaceOrientations_iPad = "UIInterfaceOrientationPortrait UIInterfaceOrientationPortraitUpsideDown UIInterfaceOrientationLandscapeLeft UIInterfaceOrientationLandscapeRight";
				INFOPLIST_KEY_UISupportedInterfaceOrientations_iPhone = "UIInterfaceOrientationPortrait UIInterfaceOrientationLandscapeLeft UIInterfaceOrientationLandscapeRight";
				IPHONEOS_DEPLOYMENT_TARGET = 17.0;
				LD_RUNPATH_SEARCH_PATHS = (
					"$(inherited)",
					"@executable_path/Frameworks",
				);
				MARKETING_VERSION = 1.0;
				PRODUCT_BUNDLE_IDENTIFIER = "com.dsflash.app";
				PRODUCT_NAME = "$(TARGET_NAME)";
				SWIFT_EMIT_LOC_STRINGS = YES;
				SWIFT_VERSION = 5.9;
				TARGETED_DEVICE_FAMILY = "1,2";
			};
			name = Release;
		};
		AA000221000000000000001A /* Debug */ = {
			isa = XCBuildConfiguration;
			buildSettings = {
				BUNDLE_LOADER = "$(TEST_HOST)";
				CODE_SIGN_STYLE = Automatic;
				GENERATE_INFOPLIST_FILE = YES;
				IPHONEOS_DEPLOYMENT_TARGET = 17.0;
				LD_RUNPATH_SEARCH_PATHS = (
					"$(inherited)",
					"@executable_path/Frameworks",
					"@loader_path/Frameworks",
				);
				PRODUCT_BUNDLE_IDENTIFIER = "com.dsflash.tests";
				PRODUCT_NAME = "$(TARGET_NAME)";
				SDKROOT = iphoneos;
				SWIFT_ACTIVE_COMPILATION_CONDITIONS = DEBUG;
				SWIFT_OPTIMIZATION_LEVEL = "-Onone";
				SWIFT_VERSION = 5.9;
				TARGETED_DEVICE_FAMILY = "1,2";
				TEST_HOST = "$(BUILT_PRODUCTS_DIR)/DSFlash.app/$(BUNDLE_EXECUTABLE_FOLDER_PATH)/DSFlash";
			};
			name = Debug;
		};
		AA000222000000000000001A /* Release */ = {
			isa = XCBuildConfiguration;
			buildSettings = {
				BUNDLE_LOADER = "$(TEST_HOST)";
				CODE_SIGN_STYLE = Automatic;
				GENERATE_INFOPLIST_FILE = YES;
				IPHONEOS_DEPLOYMENT_TARGET = 17.0;
				LD_RUNPATH_SEARCH_PATHS = (
					"$(inherited)",
					"@executable_path/Frameworks",
					"@loader_path/Frameworks",
				);
				PRODUCT_BUNDLE_IDENTIFIER = "com.dsflash.tests";
				PRODUCT_NAME = "$(TARGET_NAME)";
				SDKROOT = iphoneos;
				SWIFT_COMPILATION_MODE = wholemodule;
				SWIFT_OPTIMIZATION_LEVEL = "-O";
				SWIFT_VERSION = 5.9;
				TARGETED_DEVICE_FAMILY = "1,2";
				TEST_HOST = "$(BUILT_PRODUCTS_DIR)/DSFlash.app/$(BUNDLE_EXECUTABLE_FOLDER_PATH)/DSFlash";
			};
			name = Release;
		};
/* End XCBuildConfiguration section */

/* Begin XCConfigurationList section */
		AA000100000000000000001A /* Build configuration list for PBXNativeTarget "DSFlash" */ = {
			isa = XCConfigurationList;
			buildConfigurations = (
				AA000104000000000000001A /* Debug */,
				AA000105000000000000001A /* Release */,
			);
			defaultConfigurationIsVisible = 0;
			defaultConfigurationName = Release;
		};
		AA000101000000000000001A /* Build configuration list for PBXProject "DSFlash" */ = {
			isa = XCConfigurationList;
			buildConfigurations = (
				AA000102000000000000001A /* Debug */,
				AA000103000000000000001A /* Release */,
			);
			defaultConfigurationIsVisible = 0;
			defaultConfigurationName = Release;
		};
		AA000220000000000000001A /* Build configuration list for PBXNativeTarget "DSFlashTests" */ = {
			isa = XCConfigurationList;
			buildConfigurations = (
				AA000221000000000000001A /* Debug */,
				AA000222000000000000001A /* Release */,
			);
			defaultConfigurationIsVisible = 0;
			defaultConfigurationName = Release;
		};
/* End XCConfigurationList section */

	};
	rootObject = AA000095000000000000001A /* Project object */;
}
